
Microsoft Visual Studio Solution File, Format Version 12.00
# Visual Studio Version 16
VisualStudioVersion = 16.0.30011.22
MinimumVisualStudioVersion = 10.0.40219.1
Project("{FAE04EC0-301F-11D3-BF4B-00C04F79EFBC}") = "RazorDrop", "RazorDrop\RazorDrop.csproj", "{4B4408C2-0E5D-4955-8244-C62068F52124}"
EndProject
Global
	GlobalSection(SolutionConfigurationPlatforms) = preSolution
		Debug|Any CPU = Debug|Any CPU
		Release|Any CPU = Release|Any CPU
	EndGlobalSection
	GlobalSection(ProjectConfigurationPlatforms) = postSolution
		{4B4408C2-0E5D-4955-8244-C62068F52124}.Debug|Any CPU.ActiveCfg = Debug|Any CPU
		{4B4408C2-0E5D-4955-8244-C62068F52124}.Debug|Any CPU.Build.0 = Debug|Any CPU
		{4B4408C2-0E5D-4955-8244-C62068F52124}.Release|Any CPU.ActiveCfg = Release|Any CPU
		{4B4408C2-0E5D-4955-8244-C62068F52124}.Release|Any CPU.Build.0 = Release|Any CPU
	EndGlobalSection
	GlobalSection(SolutionProperties) = preSolution
		HideSolutionNode = FALSE
	EndGlobalSection
	GlobalSection(ExtensibilityGlobals) = postSolution
		SolutionGuid = {270FAC87-4F35-4A31-9CB3-34C22EE69F7B}
	EndGlobalSection
EndGlobal
